
Microsoft Visual Studio Solution File, Format Version 12.00
# Visual Studio Version 17
VisualStudioVersion = 17.4.33213.308
MinimumVisualStudioVersion = 10.0.40219.1
Project("{FAE04EC0-301F-11D3-BF4B-00C04F79EFBC}") = "01.Clock", "01.Clock\01.Clock.csproj", "{DB7AFFA1-68DB-457F-8443-9E84D59AE419}"
EndProject
Project("{FAE04EC0-301F-11D3-BF4B-00C04F79EFBC}") = "02.MultiplicationTable", "02.MultiplicationTable\02.MultiplicationTable.csproj", "{F2AFCC40-2FFD-42EF-A490-A3ECCB003AFD}"
EndProject
Project("{FAE04EC0-301F-11D3-BF4B-00C04F79EFBC}") = "03.Combinations", "03.Combinations\03.Combinations.csproj", "{8FBE963E-82BA-4B22-BF56-898828537B1A}"
EndProject
Project("{FAE04EC0-301F-11D3-BF4B-00C04F79EFBC}") = "04.SumOfTwoNumbers", "04.SumOfTwoNumbers\04.SumOfTwoNumbers.csproj", "{EF10E2A9-0AE3-4F77-98A4-848CBAFF49A7}"
EndProject
Project("{FAE04EC0-301F-11D3-BF4B-00C04F79EFBC}") = "05.Travelling", "05.Travelling\05.Travelling.csproj", "{038675E9-F5BD-4B7D-A486-D829C1EBCF0A}"
EndProject
Project("{FAE04EC0-301F-11D3-BF4B-00C04F79EFBC}") = "06.Building", "06.Building\06.Building.csproj", "{20F02EEE-16A7-4F54-8863-4FC2927CB16A}"
EndProject
Global
	GlobalSection(SolutionConfigurationPlatforms) = preSolution
		Debug|Any CPU = Debug|Any CPU
		Release|Any CPU = Release|Any CPU
	EndGlobalSection
	GlobalSection(ProjectConfigurationPlatforms) = postSolution
		{DB7AFFA1-68DB-457F-8443-9E84D59AE419}.Debug|Any CPU.ActiveCfg = Debug|Any CPU
		{DB7AFFA1-68DB-457F-8443-9E84D59AE419}.Debug|Any CPU.Build.0 = Debug|Any CPU
		{DB7AFFA1-68DB-457F-8443-9E84D59AE419}.Release|Any CPU.ActiveCfg = Release|Any CPU
		{DB7AFFA1-68DB-457F-8443-9E84D59AE419}.Release|Any CPU.Build.0 = Release|Any CPU
		{F2AFCC40-2FFD-42EF-A490-A3ECCB003AFD}.Debug|Any CPU.ActiveCfg = Debug|Any CPU
		{F2AFCC40-2FFD-42EF-A490-A3ECCB003AFD}.Debug|Any CPU.Build.0 = Debug|Any CPU
		{F2AFCC40-2FFD-42EF-A490-A3ECCB003AFD}.Release|Any CPU.ActiveCfg = Release|Any CPU
		{F2AFCC40-2FFD-42EF-A490-A3ECCB003AFD}.Release|Any CPU.Build.0 = Release|Any CPU
		{8FBE963E-82BA-4B22-BF56-898828537B1A}.Debug|Any CPU.ActiveCfg = Debug|Any CPU
		{8FBE963E-82BA-4B22-BF56-898828537B1A}.Debug|Any CPU.Build.0 = Debug|Any CPU
		{8FBE963E-82BA-4B22-BF56-898828537B1A}.Release|Any CPU.ActiveCfg = Release|Any CPU
		{8FBE963E-82BA-4B22-BF56-898828537B1A}.Release|Any CPU.Build.0 = Release|Any CPU
		{EF10E2A9-0AE3-4F77-98A4-848CBAFF49A7}.Debug|Any CPU.ActiveCfg = Debug|Any CPU
		{EF10E2A9-0AE3-4F77-98A4-848CBAFF49A7}.Debug|Any CPU.Build.0 = Debug|Any CPU
		{EF10E2A9-0AE3-4F77-98A4-848CBAFF49A7}.Release|Any CPU.ActiveCfg = Release|Any CPU
		{EF10E2A9-0AE3-4F77-98A4-848CBAFF49A7}.Release|Any CPU.Build.0 = Release|Any CPU
		{038675E9-F5BD-4B7D-A486-D829C1EBCF0A}.Debug|Any CPU.ActiveCfg = Debug|Any CPU
		{038675E9-F5BD-4B7D-A486-D829C1EBCF0A}.Debug|Any CPU.Build.0 = Debug|Any CPU
		{038675E9-F5BD-4B7D-A486-D829C1EBCF0A}.Release|Any CPU.ActiveCfg = Release|Any CPU
		{038675E9-F5BD-4B7D-A486-D829C1EBCF0A}.Release|Any CPU.Build.0 = Release|Any CPU
		{20F02EEE-16A7-4F54-8863-4FC2927CB16A}.Debug|Any CPU.ActiveCfg = Debug|Any CPU
		{20F02EEE-16A7-4F54-8863-4FC2927CB16A}.Debug|Any CPU.Build.0 = Debug|Any CPU
		{20F02EEE-16A7-4F54-8863-4FC2927CB16A}.Release|Any CPU.ActiveCfg = Release|Any CPU
		{20F02EEE-16A7-4F54-8863-4FC2927CB16A}.Release|Any CPU.Build.0 = Release|Any CPU
	EndGlobalSection
	GlobalSection(SolutionProperties) = preSolution
		HideSolutionNode = FALSE
	EndGlobalSection
	GlobalSection(ExtensibilityGlobals) = postSolution
		SolutionGuid = {2E7B7DFF-EF4A-46A7-8CEC-0EF71D7C589A}
	EndGlobalSection
EndGlobal
